PODS:
  - Appboy-iOS-SDK (3.30.0):
    - Appboy-iOS-SDK/UI (= 3.30.0)
  - Appboy-iOS-SDK/ContentCards (3.30.0):
    - Appboy-iOS-SDK/Core
    - SDWebImage (< 6, >= 5.8.2)
  - Appboy-iOS-SDK/Core (3.30.0)
  - Appboy-iOS-SDK/InAppMessage (3.30.0):
    - Appboy-iOS-SDK/Core
    - SDWebImage (< 6, >= 5.8.2)
  - Appboy-iOS-SDK/NewsFeed (3.30.0):
    - Appboy-iOS-SDK/Core
    - SDWebImage (< 6, >= 5.8.2)
  - Appboy-iOS-SDK/UI (3.30.0):
    - Appboy-iOS-SDK/ContentCards
    - Appboy-iOS-SDK/Core
    - Appboy-iOS-SDK/InAppMessage
    - Appboy-iOS-SDK/NewsFeed
  - SDWebImage (5.9.4):
    - SDWebImage/Core (= 5.9.4)
  - SDWebImage/Core (5.9.4)

DEPENDENCIES:
  - Appboy-iOS-SDK

SPEC REPOS:
  https://github.com/CocoaPods/Specs.git:
    - Appboy-iOS-SDK
    - SDWebImage

SPEC CHECKSUMS:
  Appboy-iOS-SDK: b16eca47f70f673c563f4380046fd67323860669
  SDWebImage: b69257f4ab14e9b6a2ef53e910fdf914d8f757c1

PODFILE CHECKSUM: 176713c61bb7a40b6c23ee457830b2ef979ee0e4

COCOAPODS: 1.10.0.rc.1
