{
  "object": {
    "pins": [
      {
        "package": "Appboy_iOS_SDK",
        "repositoryURL": "https://github.com/Appboy/appboy-ios-sdk",
        "state": {
          "branch": null,
          "revision": "e003b722f499b61d5769f0ec54448390291afe98",
          "version": "3.33.1"
        }
      },
      {
        "package": "SDWebImage",
        "repositoryURL": "https://github.com/SDWebImage/SDWebImage.git",
        "state": {
          "branch": null,
          "revision": "a6b6e44eadf0d39250c10a7cc0e3b91d0bdb0e94",
          "version": "5.10.4"
        }
      }
    ]
  },
  "version": 1
}
